Microsoft Visual Studio Solution File, Format Version 12.00
# Visual Studio Version 17
VisualStudioVersion = 17.5.2.0
MinimumVisualStudioVersion = 10.0.40219.1
Project("{FAE04EC0-301F-11D3-BF4B-00C04F79EFBC}") = "CisliMafiaBossLv100", "CisliMafiaBossLv100.csproj", "{83330CC0-D723-9925-51D8-422FB56180B7}"
EndProject
Global
	GlobalSection(SolutionConfigurationPlatforms) = preSolution
		Debug|Any CPU = Debug|Any CPU
		Release|Any CPU = Release|Any CPU
	EndGlobalSection
	GlobalSection(ProjectConfigurationPlatforms) = postSolution
		{83330CC0-D723-9925-51D8-422FB56180B7}.Debug|Any CPU.ActiveCfg = Debug|Any CPU
		{83330CC0-D723-9925-51D8-422FB56180B7}.Debug|Any CPU.Build.0 = Debug|Any CPU
		{83330CC0-D723-9925-51D8-422FB56180B7}.Release|Any CPU.ActiveCfg = Release|Any CPU
		{83330CC0-D723-9925-51D8-422FB56180B7}.Release|Any CPU.Build.0 = Release|Any CPU
	EndGlobalSection
	GlobalSection(SolutionProperties) = preSolution
		HideSolutionNode = FALSE
	EndGlobalSection
	GlobalSection(ExtensibilityGlobals) = postSolution
		SolutionGuid = {116AC1EE-49CC-455C-9C5E-ED61F8DF8399}
	EndGlobalSection
EndGlobal
